
Microsoft Visual Studio Solution File, Format Version 12.00
# Visual Studio Version 17
VisualStudioVersion = 17.11.35303.130
MinimumVisualStudioVersion = 10.0.40219.1
Project("{9A19103F-16F7-4668-BE54-9A1E7A4F7556}") = "WebApp.Client", "WebApp.Client\WebApp.Client.csproj", "{3924ECC6-D585-4C86-8753-73BD329CE727}"
EndProject
Project("{9A19103F-16F7-4668-BE54-9A1E7A4F7556}") = "WebApp.Server", "WebApp.Server\WebApp.Server.csproj", "{CF85613E-3071-4879-919D-80BB5B0CF12B}"
EndProject
Project("{FAE04EC0-301F-11D3-BF4B-00C04F79EFBC}") = "WebApp.Domain", "WebApp.Domain\WebApp.Domain.csproj", "{7967F0D4-A796-44F2-947D-630381569911}"
EndProject
Project("{9A19103F-16F7-4668-BE54-9A1E7A4F7556}") = "WebApp.Repository", "WebApp.Repository\WebApp.Repository.csproj", "{6D8A43E1-AEF6-4B08-B6BD-28D6DD4411A4}"
EndProject
Project("{9A19103F-16F7-4668-BE54-9A1E7A4F7556}") = "WebApp.Service", "WebApp.Service\WebApp.Service.csproj", "{5695346E-1094-4387-867B-1053DD82A699}"
EndProject
Global
	GlobalSection(SolutionConfigurationPlatforms) = preSolution
		Debug|Any CPU = Debug|Any CPU
		Release|Any CPU = Release|Any CPU
	EndGlobalSection
	GlobalSection(ProjectConfigurationPlatforms) = postSolution
		{3924ECC6-D585-4C86-8753-73BD329CE727}.Debug|Any CPU.ActiveCfg = Debug|Any CPU
		{3924ECC6-D585-4C86-8753-73BD329CE727}.Debug|Any CPU.Build.0 = Debug|Any CPU
		{3924ECC6-D585-4C86-8753-73BD329CE727}.Release|Any CPU.ActiveCfg = Release|Any CPU
		{3924ECC6-D585-4C86-8753-73BD329CE727}.Release|Any CPU.Build.0 = Release|Any CPU
		{CF85613E-3071-4879-919D-80BB5B0CF12B}.Debug|Any CPU.ActiveCfg = Debug|Any CPU
		{CF85613E-3071-4879-919D-80BB5B0CF12B}.Debug|Any CPU.Build.0 = Debug|Any CPU
		{CF85613E-3071-4879-919D-80BB5B0CF12B}.Release|Any CPU.ActiveCfg = Release|Any CPU
		{CF85613E-3071-4879-919D-80BB5B0CF12B}.Release|Any CPU.Build.0 = Release|Any CPU
		{7967F0D4-A796-44F2-947D-630381569911}.Debug|Any CPU.ActiveCfg = Debug|Any CPU
		{7967F0D4-A796-44F2-947D-630381569911}.Debug|Any CPU.Build.0 = Debug|Any CPU
		{7967F0D4-A796-44F2-947D-630381569911}.Release|Any CPU.ActiveCfg = Release|Any CPU
		{7967F0D4-A796-44F2-947D-630381569911}.Release|Any CPU.Build.0 = Release|Any CPU
		{6D8A43E1-AEF6-4B08-B6BD-28D6DD4411A4}.Debug|Any CPU.ActiveCfg = Debug|Any CPU
		{6D8A43E1-AEF6-4B08-B6BD-28D6DD4411A4}.Debug|Any CPU.Build.0 = Debug|Any CPU
		{6D8A43E1-AEF6-4B08-B6BD-28D6DD4411A4}.Release|Any CPU.ActiveCfg = Release|Any CPU
		{6D8A43E1-AEF6-4B08-B6BD-28D6DD4411A4}.Release|Any CPU.Build.0 = Release|Any CPU
		{5695346E-1094-4387-867B-1053DD82A699}.Debug|Any CPU.ActiveCfg = Debug|Any CPU
		{5695346E-1094-4387-867B-1053DD82A699}.Debug|Any CPU.Build.0 = Debug|Any CPU
		{5695346E-1094-4387-867B-1053DD82A699}.Release|Any CPU.ActiveCfg = Release|Any CPU
		{5695346E-1094-4387-867B-1053DD82A699}.Release|Any CPU.Build.0 = Release|Any CPU
	EndGlobalSection
	GlobalSection(SolutionProperties) = preSolution
		HideSolutionNode = FALSE
	EndGlobalSection
	GlobalSection(ExtensibilityGlobals) = postSolution
		SolutionGuid = {6D98A554-698F-4012-82E8-52905FB936C2}
	EndGlobalSection
EndGlobal
